{
  "name": "workflows-test",
  "version": "0.1.0",
  "lockfileVersion": 3,
  "requires": true,
  "packages": {
    "": {
      "name": "workflows-test",
      "version": "0.1.0",
      "license": "ISC",
      "dependencies": {
        "@renderinc/sdk": "0.1.0"
      }
    },
    "node_modules/@renderinc/sdk": {
      "version": "0.1.0",
      "resolved": "https://registry.npmjs.org/@renderinc/sdk/-/sdk-0.1.0.tgz",
      "integrity": "sha512-eYD2IXeI2NWela30wYda0gPGQPT6jD9pGY1Rrx2EDIr3Uy6FdEkbYZzlYWPRMcfYUiHCFM6xz5v75CsLbTfycQ==",
      "license": "MIT",
      "dependencies": {
        "eventsource": "^4.0.0",
        "openapi-fetch": "^0.15.0"
      },
      "engines": {
        "node": ">=18.0.0"
      }
    },
    "node_modules/eventsource": {
      "version": "4.1.0",
      "resolved": "https://registry.npmjs.org/eventsource/-/eventsource-4.1.0.tgz",
      "integrity": "sha512-2GuF51iuHX6A9xdTccMTsNb7VO0lHZihApxhvQzJB5A03DvHDd2FQepodbMaztPBmBcE/ox7o2gqaxGhYB9LhQ==",
      "license": "MIT",
      "dependencies": {
        "eventsource-parser": "^3.0.1"
      },
      "engines": {
        "node": ">=20.0.0"
      }
    },
    "node_modules/eventsource-parser": {
      "version": "3.0.6",
      "resolved": "https://registry.npmjs.org/eventsource-parser/-/eventsource-parser-3.0.6.tgz",
      "integrity": "sha512-Vo1ab+QXPzZ4tCa8SwIHJFaSzy4R6SHf7BY79rFBDf0idraZWAkYrDjDj8uWaSm3S2TK+hJ7/t1CEmZ7jXw+pg==",
      "license": "MIT",
      "engines": {
        "node": ">=18.0.0"
      }
    },
    "node_modules/openapi-fetch": {
      "version": "0.15.0",
      "resolved": "https://registry.npmjs.org/openapi-fetch/-/openapi-fetch-0.15.0.tgz",
      "integrity": "sha512-OjQUdi61WO4HYhr9+byCPMj0+bgste/LtSBEcV6FzDdONTs7x0fWn8/ndoYwzqCsKWIxEZwo4FN/TG1c1rI8IQ==",
      "license": "MIT",
      "dependencies": {
        "openapi-typescript-helpers": "^0.0.15"
      }
    },
    "node_modules/openapi-typescript-helpers": {
      "version": "0.0.15",
      "resolved": "https://registry.npmjs.org/openapi-typescript-helpers/-/openapi-typescript-helpers-0.0.15.tgz",
      "integrity": "sha512-opyTPaunsklCBpTK8JGef6mfPhLSnyy5a0IN9vKtx3+4aExf+KxEqYwIy3hqkedXIB97u357uLMJsOnm3GVjsw==",
      "license": "MIT"
    }
  }
}
